PODS:
  - AppAuth (1.4.0):
    - AppAuth/Core (= 1.4.0)
    - AppAuth/ExternalUserAgent (= 1.4.0)
  - AppAuth/Core (1.4.0)
  - AppAuth/ExternalUserAgent (1.4.0)
  - boost-for-react-native (1.63.0)
  - DoubleConversion (1.1.6)
  - EXAppAuth (11.0.3):
    - AppAuth (~> 1.2)
    - ExpoModulesCore
  - EXAppleAuthentication (4.0.3):
    - ExpoModulesCore
  - EXApplication (4.0.0):
    - ExpoModulesCore
  - EXAV (10.1.3):
    - ExpoModulesCore
  - EXBackgroundFetch (10.0.3):
    - ExpoModulesCore
    - UMTaskManagerInterface
  - EXConstants (12.1.3):
    - ExpoModulesCore
  - EXFacebook (12.0.3):
    - ExpoModulesCore
    - FacebookSDK/CoreKit (= 9.2.0)
    - FacebookSDK/LoginKit (= 9.2.0)
  - EXFileSystem (13.0.3):
    - ExpoModulesCore
  - EXFont (10.0.3):
    - ExpoModulesCore
  - EXImageLoader (3.0.0):
    - ExpoModulesCore
    - React-Core
  - EXImageManipulator (10.1.2):
    - EXImageLoader
    - ExpoModulesCore
  - EXImagePicker (11.0.3):
    - ExpoModulesCore
  - EXJSONUtils (0.2.0)
  - EXKeepAwake (10.0.0):
    - ExpoModulesCore
  - EXLinearGradient (10.0.3):
    - ExpoModulesCore
  - EXLocation (13.0.4):
    - ExpoModulesCore
    - UMTaskManagerInterface
  - EXManifests (0.2.2):
    - EXJSONUtils
  - EXPermissions (13.0.3):
    - ExpoModulesCore
  - Expo (43.0.3):
    - ExpoModulesCore
  - ExpoModulesCore (0.4.8):
    - React-Core
  - EXSensors (11.0.3):
    - ExpoModulesCore
  - EXSharing (10.0.3):
    - ExpoModulesCore
  - EXSplashScreen (0.13.5):
    - ExpoModulesCore
    - React-Core
  - EXStructuredHeaders (2.0.0)
  - EXTaskManager (10.0.3):
    - ExpoModulesCore
    - UMAppLoader
    - UMTaskManagerInterface
  - EXUpdates (0.10.15):
    - EXManifests
    - ExpoModulesCore
    - EXStructuredHeaders
    - EXUpdatesInterface
    - React-Core
  - EXUpdatesInterface (0.4.0)
  - FacebookSDK/CoreKit (9.2.0):
    - FBSDKCoreKit (~> 9.2.0)
  - FacebookSDK/LoginKit (9.2.0):
    - FacebookSDK/CoreKit
  - FBLazyVector (0.64.3)
  - FBReactNativeSpec (0.64.3):
    - RCT-Folly (= 2020.01.13.00)
    - RCTRequired (= 0.64.3)
    - RCTTypeSafety (= 0.64.3)
    - React-Core (= 0.64.3)
    - React-jsi (= 0.64.3)
    - ReactCommon/turbomodule/core (= 0.64.3)
  - FBSDKCoreKit (9.2.0):
    - FBSDKCoreKit/Basics (= 9.2.0)
    - FBSDKCoreKit/Core (= 9.2.0)
  - FBSDKCoreKit/Basics (9.2.0)
  - FBSDKCoreKit/Core (9.2.0):
    - FBSDKCoreKit/Basics
  - glog (0.3.5)
  - Google-Maps-iOS-Utils (2.1.0):
    - Google-Maps-iOS-Utils/Clustering (= 2.1.0)
    - Google-Maps-iOS-Utils/Geometry (= 2.1.0)
    - Google-Maps-iOS-Utils/Heatmap (= 2.1.0)
    - Google-Maps-iOS-Utils/QuadTree (= 2.1.0)
    - GoogleMaps
  - Google-Maps-iOS-Utils/Clustering (2.1.0):
    - Google-Maps-iOS-Utils/QuadTree
    - GoogleMaps
  - Google-Maps-iOS-Utils/Geometry (2.1.0):
    - GoogleMaps
  - Google-Maps-iOS-Utils/Heatmap (2.1.0):
    - Google-Maps-iOS-Utils/QuadTree
    - GoogleMaps
  - Google-Maps-iOS-Utils/QuadTree (2.1.0):
    - GoogleMaps
  - GoogleMaps (3.5.0):
    - GoogleMaps/Maps (= 3.5.0)
  - GoogleMaps/Base (3.5.0)
  - GoogleMaps/Maps (3.5.0):
    - GoogleMaps/Base
  - Permission-AppTrackingTransparency (3.1.0):
    - RNPermissions
  - Permission-BluetoothPeripheral (3.1.0):
    - RNPermissions
  - Permission-Calendars (3.1.0):
    - RNPermissions
  - Permission-Camera (3.1.0):
    - RNPermissions
  - Permission-Contacts (3.1.0):
    - RNPermissions
  - Permission-FaceID (3.1.0):
    - RNPermissions
  - Permission-LocationAccuracy (3.1.0):
    - RNPermissions
  - Permission-LocationAlways (3.1.0):
    - RNPermissions
  - Permission-LocationWhenInUse (3.1.0):
    - RNPermissions
  - Permission-MediaLibrary (3.1.0):
    - RNPermissions
  - Permission-Microphone (3.1.0):
    - RNPermissions
  - Permission-Motion (3.1.0):
    - RNPermissions
  - Permission-Notifications (3.1.0):
    - RNPermissions
  - Permission-PhotoLibrary (3.1.0):
    - RNPermissions
  - Permission-PhotoLibraryAddOnly (3.1.0):
    - RNPermissions
  - Permission-Reminders (3.1.0):
    - RNPermissions
  - Permission-Siri (3.1.0):
    - RNPermissions
  - Permission-SpeechRecognition (3.1.0):
    - RNPermissions
  - Permission-StoreKit (3.1.0):
    - RNPermissions
  - RCT-Folly (2020.01.13.00):
    - boost-for-react-native
    - DoubleConversion
    - glog
    - RCT-Folly/Default (= 2020.01.13.00)
  - RCT-Folly/Default (2020.01.13.00):
    - boost-for-react-native
    - DoubleConversion
    - glog
  - RCTRequired (0.64.3)
  - RCTTypeSafety (0.64.3):
    - FBLazyVector (= 0.64.3)
    - RCT-Folly (= 2020.01.13.00)
    - RCTRequired (= 0.64.3)
    - React-Core (= 0.64.3)
  - React (0.64.3):
    - React-Core (= 0.64.3)
    - React-Core/DevSupport (= 0.64.3)
    - React-Core/RCTWebSocket (= 0.64.3)
    - React-RCTActionSheet (= 0.64.3)
    - React-RCTAnimation (= 0.64.3)
    - React-RCTBlob (= 0.64.3)
    - React-RCTImage (= 0.64.3)
    - React-RCTLinking (= 0.64.3)
    - React-RCTNetwork (= 0.64.3)
    - React-RCTSettings (= 0.64.3)
    - React-RCTText (= 0.64.3)
    - React-RCTVibration (= 0.64.3)
  - React-callinvoker (0.64.3)
  - React-Core (0.64.3):
    - glog
    - RCT-Folly (= 2020.01.13.00)
    - React-Core/Default (= 0.64.3)
    - React-cxxreact (= 0.64.3)
    - React-jsi (= 0.64.3)
    - React-jsiexecutor (= 0.64.3)
    - React-perflogger (= 0.64.3)
    - Yoga
  - React-Core/CoreModulesHeaders (0.64.3):
    - glog
    - RCT-Folly (= 2020.01.13.00)
    - React-Core/Default
    - React-cxxreact (= 0.64.3)
    - React-jsi (= 0.64.3)
    - React-jsiexecutor (= 0.64.3)
    - React-perflogger (= 0.64.3)
    - Yoga
  - React-Core/Default (0.64.3):
    - glog
    - RCT-Folly (= 2020.01.13.00)
    - React-cxxreact (= 0.64.3)
    - React-jsi (= 0.64.3)
    - React-jsiexecutor (= 0.64.3)
    - React-perflogger (= 0.64.3)
    - Yoga
  - React-Core/DevSupport (0.64.3):
    - glog
    - RCT-Folly (= 2020.01.13.00)
    - React-Core/Default (= 0.64.3)
    - React-Core/RCTWebSocket (= 0.64.3)
    - React-cxxreact (= 0.64.3)
    - React-jsi (= 0.64.3)
    - React-jsiexecutor (= 0.64.3)
    - React-jsinspector (= 0.64.3)
    - React-perflogger (= 0.64.3)
    - Yoga
  - React-Core/RCTActionSheetHeaders (0.64.3):
    - glog
    - RCT-Folly (= 2020.01.13.00)
    - React-Core/Default
    - React-cxxreact (= 0.64.3)
    - React-jsi (= 0.64.3)
    - React-jsiexecutor (= 0.64.3)
    - React-perflogger (= 0.64.3)
    - Yoga
  - React-Core/RCTAnimationHeaders (0.64.3):
    - glog
    - RCT-Folly (= 2020.01.13.00)
    - React-Core/Default
    - React-cxxreact (= 0.64.3)
    - React-jsi (= 0.64.3)
    - React-jsiexecutor (= 0.64.3)
    - React-perflogger (= 0.64.3)
    - Yoga
  - React-Core/RCTBlobHeaders (0.64.3):
    - glog
    - RCT-Folly (= 2020.01.13.00)
    - React-Core/Default
    - React-cxxreact (= 0.64.3)
    - React-jsi (= 0.64.3)
    - React-jsiexecutor (= 0.64.3)
    - React-perflogger (= 0.64.3)
    - Yoga
  - React-Core/RCTImageHeaders (0.64.3):
    - glog
    - RCT-Folly (= 2020.01.13.00)
    - React-Core/Default
    - React-cxxreact (= 0.64.3)
    - React-jsi (= 0.64.3)
    - React-jsiexecutor (= 0.64.3)
    - React-perflogger (= 0.64.3)
    - Yoga
  - React-Core/RCTLinkingHeaders (0.64.3):
    - glog
    - RCT-Folly (= 2020.01.13.00)
    - React-Core/Default
    - React-cxxreact (= 0.64.3)
    - React-jsi (= 0.64.3)
    - React-jsiexecutor (= 0.64.3)
    - React-perflogger (= 0.64.3)
    - Yoga
  - React-Core/RCTNetworkHeaders (0.64.3):
    - glog
    - RCT-Folly (= 2020.01.13.00)
    - React-Core/Default
    - React-cxxreact (= 0.64.3)
    - React-jsi (= 0.64.3)
    - React-jsiexecutor (= 0.64.3)
    - React-perflogger (= 0.64.3)
    - Yoga
  - React-Core/RCTSettingsHeaders (0.64.3):
    - glog
    - RCT-Folly (= 2020.01.13.00)
    - React-Core/Default
    - React-cxxreact (= 0.64.3)
    - React-jsi (= 0.64.3)
    - React-jsiexecutor (= 0.64.3)
    - React-perflogger (= 0.64.3)
    - Yoga
  - React-Core/RCTTextHeaders (0.64.3):
    - glog
    - RCT-Folly (= 2020.01.13.00)
    - React-Core/Default
    - React-cxxreact (= 0.64.3)
    - React-jsi (= 0.64.3)
    - React-jsiexecutor (= 0.64.3)
    - React-perflogger (= 0.64.3)
    - Yoga
  - React-Core/RCTVibrationHeaders (0.64.3):
    - glog
    - RCT-Folly (= 2020.01.13.00)
    - React-Core/Default
    - React-cxxreact (= 0.64.3)
    - React-jsi (= 0.64.3)
    - React-jsiexecutor (= 0.64.3)
    - React-perflogger (= 0.64.3)
    - Yoga
  - React-Core/RCTWebSocket (0.64.3):
    - glog
    - RCT-Folly (= 2020.01.13.00)
    - React-Core/Default (= 0.64.3)
    - React-cxxreact (= 0.64.3)
    - React-jsi (= 0.64.3)
    - React-jsiexecutor (= 0.64.3)
    - React-perflogger (= 0.64.3)
    - Yoga
  - React-CoreModules (0.64.3):
    - FBReactNativeSpec (= 0.64.3)
    - RCT-Folly (= 2020.01.13.00)
    - RCTTypeSafety (= 0.64.3)
    - React-Core/CoreModulesHeaders (= 0.64.3)
    - React-jsi (= 0.64.3)
    - React-RCTImage (= 0.64.3)
    - ReactCommon/turbomodule/core (= 0.64.3)
  - React-cxxreact (0.64.3):
    - boost-for-react-native (= 1.63.0)
    - DoubleConversion
    - glog
    - RCT-Folly (= 2020.01.13.00)
    - React-callinvoker (= 0.64.3)
    - React-jsi (= 0.64.3)
    - React-jsinspector (= 0.64.3)
    - React-perflogger (= 0.64.3)
    - React-runtimeexecutor (= 0.64.3)
  - React-jsi (0.64.3):
    - boost-for-react-native (= 1.63.0)
    - DoubleConversion
    - glog
    - RCT-Folly (= 2020.01.13.00)
    - React-jsi/Default (= 0.64.3)
  - React-jsi/Default (0.64.3):
    - boost-for-react-native (= 1.63.0)
    - DoubleConversion
    - glog
    - RCT-Folly (= 2020.01.13.00)
  - React-jsiexecutor (0.64.3):
    - DoubleConversion
    - glog
    - RCT-Folly (= 2020.01.13.00)
    - React-cxxreact (= 0.64.3)
    - React-jsi (= 0.64.3)
    - React-perflogger (= 0.64.3)
  - React-jsinspector (0.64.3)
  - react-native-google-maps (0.28.1):
    - Google-Maps-iOS-Utils (= 2.1.0)
    - GoogleMaps (= 3.5.0)
    - React-Core
  - react-native-keep-awake (1.0.4):
    - React
  - react-native-maps (0.28.1):
    - React-Core
  - react-native-safe-area-context (3.3.2):
    - React-Core
  - react-native-shake (5.1.1):
    - React
  - react-native-view-shot (3.1.2):
    - React
  - react-native-webview (11.15.0):
    - React-Core
  - React-perflogger (0.64.3)
  - React-RCTActionSheet (0.64.3):
    - React-Core/RCTActionSheetHeaders (= 0.64.3)
  - React-RCTAnimation (0.64.3):
    - FBReactNativeSpec (= 0.64.3)
    - RCT-Folly (= 2020.01.13.00)
    - RCTTypeSafety (= 0.64.3)
    - React-Core/RCTAnimationHeaders (= 0.64.3)
    - React-jsi (= 0.64.3)
    - ReactCommon/turbomodule/core (= 0.64.3)
  - React-RCTBlob (0.64.3):
    - FBReactNativeSpec (= 0.64.3)
    - RCT-Folly (= 2020.01.13.00)
    - React-Core/RCTBlobHeaders (= 0.64.3)
    - React-Core/RCTWebSocket (= 0.64.3)
    - React-jsi (= 0.64.3)
    - React-RCTNetwork (= 0.64.3)
    - ReactCommon/turbomodule/core (= 0.64.3)
  - React-RCTImage (0.64.3):
    - FBReactNativeSpec (= 0.64.3)
    - RCT-Folly (= 2020.01.13.00)
    - RCTTypeSafety (= 0.64.3)
    - React-Core/RCTImageHeaders (= 0.64.3)
    - React-jsi (= 0.64.3)
    - React-RCTNetwork (= 0.64.3)
    - ReactCommon/turbomodule/core (= 0.64.3)
  - React-RCTLinking (0.64.3):
    - FBReactNativeSpec (= 0.64.3)
    - React-Core/RCTLinkingHeaders (= 0.64.3)
    - React-jsi (= 0.64.3)
    - ReactCommon/turbomodule/core (= 0.64.3)
  - React-RCTNetwork (0.64.3):
    - FBReactNativeSpec (= 0.64.3)
    - RCT-Folly (= 2020.01.13.00)
    - RCTTypeSafety (= 0.64.3)
    - React-Core/RCTNetworkHeaders (= 0.64.3)
    - React-jsi (= 0.64.3)
    - ReactCommon/turbomodule/core (= 0.64.3)
  - React-RCTSettings (0.64.3):
    - FBReactNativeSpec (= 0.64.3)
    - RCT-Folly (= 2020.01.13.00)
    - RCTTypeSafety (= 0.64.3)
    - React-Core/RCTSettingsHeaders (= 0.64.3)
    - React-jsi (= 0.64.3)
    - ReactCommon/turbomodule/core (= 0.64.3)
  - React-RCTText (0.64.3):
    - React-Core/RCTTextHeaders (= 0.64.3)
  - React-RCTVibration (0.64.3):
    - FBReactNativeSpec (= 0.64.3)
    - RCT-Folly (= 2020.01.13.00)
    - React-Core/RCTVibrationHeaders (= 0.64.3)
    - React-jsi (= 0.64.3)
    - ReactCommon/turbomodule/core (= 0.64.3)
  - React-runtimeexecutor (0.64.3):
    - React-jsi (= 0.64.3)
  - ReactCommon/turbomodule/core (0.64.3):
    - DoubleConversion
    - glog
    - RCT-Folly (= 2020.01.13.00)
    - React-callinvoker (= 0.64.3)
    - React-Core (= 0.64.3)
    - React-cxxreact (= 0.64.3)
    - React-jsi (= 0.64.3)
    - React-perflogger (= 0.64.3)
  - RNAppleHealthKit (1.7.0):
    - React
  - RNCAsyncStorage (1.15.14):
    - React-Core
  - RNCMaskedView (0.1.10):
    - React
  - RNCPicker (2.2.1):
    - React-Core
  - RNGestureHandler (1.10.3):
    - React-Core
  - RNPermissions (3.1.0):
    - React-Core
  - RNReanimated (2.2.4):
    - DoubleConversion
    - FBLazyVector
    - FBReactNativeSpec
    - glog
    - RCT-Folly
    - RCTRequired
    - RCTTypeSafety
    - React
    - React-callinvoker
    - React-Core
    - React-Core/DevSupport
    - React-Core/RCTWebSocket
    - React-CoreModules
    - React-cxxreact
    - React-jsi
    - React-jsiexecutor
    - React-jsinspector
    - React-RCTActionSheet
    - React-RCTAnimation
    - React-RCTBlob
    - React-RCTImage
    - React-RCTLinking
    - React-RCTNetwork
    - React-RCTSettings
    - React-RCTText
    - React-RCTVibration
    - ReactCommon/turbomodule/core
    - Yoga
  - RNScreens (3.8.0):
    - React-Core
    - React-RCTImage
  - RNSVG (12.1.1):
    - React
  - RNWalkCounter (1.0.0):
    - React
  - UMAppLoader (3.0.0)
  - UMTaskManagerInterface (7.0.3):
    - ExpoModulesCore
  - Yoga (1.14.0)

DEPENDENCIES:
  - DoubleConversion (from `../node_modules/react-native/third-party-podspecs/DoubleConversion.podspec`)
  - EXAppAuth (from `../node_modules/expo-app-auth/ios`)
  - EXAppleAuthentication (from `../node_modules/expo-apple-authentication/ios`)
  - EXApplication (from `../node_modules/expo-application/ios`)
  - EXAV (from `../node_modules/expo-av/ios`)
  - EXBackgroundFetch (from `../node_modules/expo-background-fetch/ios`)
  - EXConstants (from `../node_modules/expo-constants/ios`)
  - EXFacebook (from `../node_modules/expo-facebook/ios`)
  - EXFileSystem (from `../node_modules/expo-file-system/ios`)
  - EXFont (from `../node_modules/expo-font/ios`)
  - EXImageLoader (from `../node_modules/expo-image-loader/ios`)
  - EXImageManipulator (from `../node_modules/expo-image-manipulator/ios`)
  - EXImagePicker (from `../node_modules/expo-image-picker/ios`)
  - EXJSONUtils (from `../node_modules/expo-json-utils/ios`)
  - EXKeepAwake (from `../node_modules/expo-keep-awake/ios`)
  - EXLinearGradient (from `../node_modules/expo-linear-gradient/ios`)
  - EXLocation (from `../node_modules/expo-location/ios`)
  - EXManifests (from `../node_modules/expo-manifests/ios`)
  - EXPermissions (from `../node_modules/expo-permissions/ios`)
  - Expo (from `../node_modules/expo/ios`)
  - ExpoModulesCore (from `../node_modules/expo-modules-core/ios`)
  - EXSensors (from `../node_modules/expo-sensors/ios`)
  - EXSharing (from `../node_modules/expo-sharing/ios`)
  - EXSplashScreen (from `../node_modules/expo-splash-screen/ios`)
  - EXStructuredHeaders (from `../node_modules/expo-structured-headers/ios`)
  - EXTaskManager (from `../node_modules/expo-task-manager/ios`)
  - EXUpdates (from `../node_modules/expo-updates/ios`)
  - EXUpdatesInterface (from `../node_modules/expo-updates-interface/ios`)
  - FBLazyVector (from `../node_modules/react-native/Libraries/FBLazyVector`)
  - FBReactNativeSpec (from `../node_modules/react-native/React/FBReactNativeSpec`)
  - glog (from `../node_modules/react-native/third-party-podspecs/glog.podspec`)
  - Permission-AppTrackingTransparency (from `../node_modules/react-native-permissions/ios/AppTrackingTransparency`)
  - Permission-BluetoothPeripheral (from `../node_modules/react-native-permissions/ios/BluetoothPeripheral`)
  - Permission-Calendars (from `../node_modules/react-native-permissions/ios/Calendars`)
  - Permission-Camera (from `../node_modules/react-native-permissions/ios/Camera`)
  - Permission-Contacts (from `../node_modules/react-native-permissions/ios/Contacts`)
  - Permission-FaceID (from `../node_modules/react-native-permissions/ios/FaceID`)
  - Permission-LocationAccuracy (from `../node_modules/react-native-permissions/ios/LocationAccuracy`)
  - Permission-LocationAlways (from `../node_modules/react-native-permissions/ios/LocationAlways`)
  - Permission-LocationWhenInUse (from `../node_modules/react-native-permissions/ios/LocationWhenInUse`)
  - Permission-MediaLibrary (from `../node_modules/react-native-permissions/ios/MediaLibrary`)
  - Permission-Microphone (from `../node_modules/react-native-permissions/ios/Microphone`)
  - Permission-Motion (from `../node_modules/react-native-permissions/ios/Motion`)
  - Permission-Notifications (from `../node_modules/react-native-permissions/ios/Notifications`)
  - Permission-PhotoLibrary (from `../node_modules/react-native-permissions/ios/PhotoLibrary`)
  - Permission-PhotoLibraryAddOnly (from `../node_modules/react-native-permissions/ios/PhotoLibraryAddOnly`)
  - Permission-Reminders (from `../node_modules/react-native-permissions/ios/Reminders`)
  - Permission-Siri (from `../node_modules/react-native-permissions/ios/Siri`)
  - Permission-SpeechRecognition (from `../node_modules/react-native-permissions/ios/SpeechRecognition`)
  - Permission-StoreKit (from `../node_modules/react-native-permissions/ios/StoreKit`)
  - RCT-Folly (from `../node_modules/react-native/third-party-podspecs/RCT-Folly.podspec`)
  - RCTRequired (from `../node_modules/react-native/Libraries/RCTRequired`)
  - RCTTypeSafety (from `../node_modules/react-native/Libraries/TypeSafety`)
  - React (from `../node_modules/react-native/`)
  - React-callinvoker (from `../node_modules/react-native/ReactCommon/callinvoker`)
  - React-Core (from `../node_modules/react-native/`)
  - React-Core/DevSupport (from `../node_modules/react-native/`)
  - React-Core/RCTWebSocket (from `../node_modules/react-native/`)
  - React-CoreModules (from `../node_modules/react-native/React/CoreModules`)
  - React-cxxreact (from `../node_modules/react-native/ReactCommon/cxxreact`)
  - React-jsi (from `../node_modules/react-native/ReactCommon/jsi`)
  - React-jsiexecutor (from `../node_modules/react-native/ReactCommon/jsiexecutor`)
  - React-jsinspector (from `../node_modules/react-native/ReactCommon/jsinspector`)
  - react-native-google-maps (from `../node_modules/react-native-maps`)
  - "react-native-keep-awake (from `../node_modules/@sayem314/react-native-keep-awake`)"
  - react-native-maps (from `../node_modules/react-native-maps`)
  - react-native-safe-area-context (from `../node_modules/react-native-safe-area-context`)
  - react-native-shake (from `../node_modules/react-native-shake`)
  - react-native-view-shot (from `../node_modules/react-native-view-shot`)
  - react-native-webview (from `../node_modules/react-native-webview`)
  - React-perflogger (from `../node_modules/react-native/ReactCommon/reactperflogger`)
  - React-RCTActionSheet (from `../node_modules/react-native/Libraries/ActionSheetIOS`)
  - React-RCTAnimation (from `../node_modules/react-native/Libraries/NativeAnimation`)
  - React-RCTBlob (from `../node_modules/react-native/Libraries/Blob`)
  - React-RCTImage (from `../node_modules/react-native/Libraries/Image`)
  - React-RCTLinking (from `../node_modules/react-native/Libraries/LinkingIOS`)
  - React-RCTNetwork (from `../node_modules/react-native/Libraries/Network`)
  - React-RCTSettings (from `../node_modules/react-native/Libraries/Settings`)
  - React-RCTText (from `../node_modules/react-native/Libraries/Text`)
  - React-RCTVibration (from `../node_modules/react-native/Libraries/Vibration`)
  - React-runtimeexecutor (from `../node_modules/react-native/ReactCommon/runtimeexecutor`)
  - ReactCommon/turbomodule/core (from `../node_modules/react-native/ReactCommon`)
  - RNAppleHealthKit (from `../node_modules/react-native-health`)
  - "RNCAsyncStorage (from `../node_modules/@react-native-async-storage/async-storage`)"
  - "RNCMaskedView (from `../node_modules/@react-native-community/masked-view`)"
  - "RNCPicker (from `../node_modules/@react-native-picker/picker`)"
  - RNGestureHandler (from `../node_modules/react-native-gesture-handler`)
  - RNPermissions (from `../node_modules/react-native-permissions`)
  - RNReanimated (from `../node_modules/react-native-reanimated`)
  - RNScreens (from `../node_modules/react-native-screens`)
  - RNSVG (from `../node_modules/react-native-svg`)
  - RNWalkCounter (from `../node_modules/react-native-accurate-step-counter/ios`)
  - UMAppLoader (from `../node_modules/unimodules-app-loader/ios`)
  - UMTaskManagerInterface (from `../node_modules/unimodules-task-manager-interface/ios`)
  - Yoga (from `../node_modules/react-native/ReactCommon/yoga`)

SPEC REPOS:
  trunk:
    - AppAuth
    - boost-for-react-native
    - FacebookSDK
    - FBSDKCoreKit
    - Google-Maps-iOS-Utils
    - GoogleMaps

EXTERNAL SOURCES:
  DoubleConversion:
    :podspec: "../node_modules/react-native/third-party-podspecs/DoubleConversion.podspec"
  EXAppAuth:
    :path: "../node_modules/expo-app-auth/ios"
  EXAppleAuthentication:
    :path: "../node_modules/expo-apple-authentication/ios"
  EXApplication:
    :path: "../node_modules/expo-application/ios"
  EXAV:
    :path: "../node_modules/expo-av/ios"
  EXBackgroundFetch:
    :path: "../node_modules/expo-background-fetch/ios"
  EXConstants:
    :path: "../node_modules/expo-constants/ios"
  EXFacebook:
    :path: "../node_modules/expo-facebook/ios"
  EXFileSystem:
    :path: "../node_modules/expo-file-system/ios"
  EXFont:
    :path: "../node_modules/expo-font/ios"
  EXImageLoader:
    :path: "../node_modules/expo-image-loader/ios"
  EXImageManipulator:
    :path: "../node_modules/expo-image-manipulator/ios"
  EXImagePicker:
    :path: "../node_modules/expo-image-picker/ios"
  EXJSONUtils:
    :path: "../node_modules/expo-json-utils/ios"
  EXKeepAwake:
    :path: "../node_modules/expo-keep-awake/ios"
  EXLinearGradient:
    :path: "../node_modules/expo-linear-gradient/ios"
  EXLocation:
    :path: "../node_modules/expo-location/ios"
  EXManifests:
    :path: "../node_modules/expo-manifests/ios"
  EXPermissions:
    :path: "../node_modules/expo-permissions/ios"
  Expo:
    :path: "../node_modules/expo/ios"
  ExpoModulesCore:
    :path: "../node_modules/expo-modules-core/ios"
  EXSensors:
    :path: "../node_modules/expo-sensors/ios"
  EXSharing:
    :path: "../node_modules/expo-sharing/ios"
  EXSplashScreen:
    :path: "../node_modules/expo-splash-screen/ios"
  EXStructuredHeaders:
    :path: "../node_modules/expo-structured-headers/ios"
  EXTaskManager:
    :path: "../node_modules/expo-task-manager/ios"
  EXUpdates:
    :path: "../node_modules/expo-updates/ios"
  EXUpdatesInterface:
    :path: "../node_modules/expo-updates-interface/ios"
  FBLazyVector:
    :path: "../node_modules/react-native/Libraries/FBLazyVector"
  FBReactNativeSpec:
    :path: "../node_modules/react-native/React/FBReactNativeSpec"
  glog:
    :podspec: "../node_modules/react-native/third-party-podspecs/glog.podspec"
  Permission-AppTrackingTransparency:
    :path: "../node_modules/react-native-permissions/ios/AppTrackingTransparency"
  Permission-BluetoothPeripheral:
    :path: "../node_modules/react-native-permissions/ios/BluetoothPeripheral"
  Permission-Calendars:
    :path: "../node_modules/react-native-permissions/ios/Calendars"
  Permission-Camera:
    :path: "../node_modules/react-native-permissions/ios/Camera"
  Permission-Contacts:
    :path: "../node_modules/react-native-permissions/ios/Contacts"
  Permission-FaceID:
    :path: "../node_modules/react-native-permissions/ios/FaceID"
  Permission-LocationAccuracy:
    :path: "../node_modules/react-native-permissions/ios/LocationAccuracy"
  Permission-LocationAlways:
    :path: "../node_modules/react-native-permissions/ios/LocationAlways"
  Permission-LocationWhenInUse:
    :path: "../node_modules/react-native-permissions/ios/LocationWhenInUse"
  Permission-MediaLibrary:
    :path: "../node_modules/react-native-permissions/ios/MediaLibrary"
  Permission-Microphone:
    :path: "../node_modules/react-native-permissions/ios/Microphone"
  Permission-Motion:
    :path: "../node_modules/react-native-permissions/ios/Motion"
  Permission-Notifications:
    :path: "../node_modules/react-native-permissions/ios/Notifications"
  Permission-PhotoLibrary:
    :path: "../node_modules/react-native-permissions/ios/PhotoLibrary"
  Permission-PhotoLibraryAddOnly:
    :path: "../node_modules/react-native-permissions/ios/PhotoLibraryAddOnly"
  Permission-Reminders:
    :path: "../node_modules/react-native-permissions/ios/Reminders"
  Permission-Siri:
    :path: "../node_modules/react-native-permissions/ios/Siri"
  Permission-SpeechRecognition:
    :path: "../node_modules/react-native-permissions/ios/SpeechRecognition"
  Permission-StoreKit:
    :path: "../node_modules/react-native-permissions/ios/StoreKit"
  RCT-Folly:
    :podspec: "../node_modules/react-native/third-party-podspecs/RCT-Folly.podspec"
  RCTRequired:
    :path: "../node_modules/react-native/Libraries/RCTRequired"
  RCTTypeSafety:
    :path: "../node_modules/react-native/Libraries/TypeSafety"
  React:
    :path: "../node_modules/react-native/"
  React-callinvoker:
    :path: "../node_modules/react-native/ReactCommon/callinvoker"
  React-Core:
    :path: "../node_modules/react-native/"
  React-CoreModules:
    :path: "../node_modules/react-native/React/CoreModules"
  React-cxxreact:
    :path: "../node_modules/react-native/ReactCommon/cxxreact"
  React-jsi:
    :path: "../node_modules/react-native/ReactCommon/jsi"
  React-jsiexecutor:
    :path: "../node_modules/react-native/ReactCommon/jsiexecutor"
  React-jsinspector:
    :path: "../node_modules/react-native/ReactCommon/jsinspector"
  react-native-google-maps:
    :path: "../node_modules/react-native-maps"
  react-native-keep-awake:
    :path: "../node_modules/@sayem314/react-native-keep-awake"
  react-native-maps:
    :path: "../node_modules/react-native-maps"
  react-native-safe-area-context:
    :path: "../node_modules/react-native-safe-area-context"
  react-native-shake:
    :path: "../node_modules/react-native-shake"
  react-native-view-shot:
    :path: "../node_modules/react-native-view-shot"
  react-native-webview:
    :path: "../node_modules/react-native-webview"
  React-perflogger:
    :path: "../node_modules/react-native/ReactCommon/reactperflogger"
  React-RCTActionSheet:
    :path: "../node_modules/react-native/Libraries/ActionSheetIOS"
  React-RCTAnimation:
    :path: "../node_modules/react-native/Libraries/NativeAnimation"
  React-RCTBlob:
    :path: "../node_modules/react-native/Libraries/Blob"
  React-RCTImage:
    :path: "../node_modules/react-native/Libraries/Image"
  React-RCTLinking:
    :path: "../node_modules/react-native/Libraries/LinkingIOS"
  React-RCTNetwork:
    :path: "../node_modules/react-native/Libraries/Network"
  React-RCTSettings:
    :path: "../node_modules/react-native/Libraries/Settings"
  React-RCTText:
    :path: "../node_modules/react-native/Libraries/Text"
  React-RCTVibration:
    :path: "../node_modules/react-native/Libraries/Vibration"
  React-runtimeexecutor:
    :path: "../node_modules/react-native/ReactCommon/runtimeexecutor"
  ReactCommon:
    :path: "../node_modules/react-native/ReactCommon"
  RNAppleHealthKit:
    :path: "../node_modules/react-native-health"
  RNCAsyncStorage:
    :path: "../node_modules/@react-native-async-storage/async-storage"
  RNCMaskedView:
    :path: "../node_modules/@react-native-community/masked-view"
  RNCPicker:
    :path: "../node_modules/@react-native-picker/picker"
  RNGestureHandler:
    :path: "../node_modules/react-native-gesture-handler"
  RNPermissions:
    :path: "../node_modules/react-native-permissions"
  RNReanimated:
    :path: "../node_modules/react-native-reanimated"
  RNScreens:
    :path: "../node_modules/react-native-screens"
  RNSVG:
    :path: "../node_modules/react-native-svg"
  RNWalkCounter:
    :path: "../node_modules/react-native-accurate-step-counter/ios"
  UMAppLoader:
    :path: "../node_modules/unimodules-app-loader/ios"
  UMTaskManagerInterface:
    :path: "../node_modules/unimodules-task-manager-interface/ios"
  Yoga:
    :path: "../node_modules/react-native/ReactCommon/yoga"

SPEC CHECKSUMS:
  AppAuth: 31bcec809a638d7bd2f86ea8a52bd45f6e81e7c7
  boost-for-react-native: 39c7adb57c4e60d6c5479dd8623128eb5b3f0f2c
  DoubleConversion: cf9b38bf0b2d048436d9a82ad2abe1404f11e7de
  EXAppAuth: 6ed48674e328cfe551a23928c264fcde969625ad
  EXAppleAuthentication: 1852eb070102106305516dea9bd82811e8d5f6e5
  EXApplication: 0e15240e4d125b62f1cae48759ffbbd32b9286a6
  EXAV: 8adf9a1c0161144d77e96149a1e5a5f9358be290
  EXBackgroundFetch: 93e9759b7d6f0d1fa2ffcec2dec4b7283660b7cd
  EXConstants: 6d585d93723b18d7a8c283591a335609e3bc153e
  EXFacebook: bf6be13a8e7269b095983b1663a7ba1103eeec05
  EXFileSystem: 99aac7962c11c680681819dd9cbca24e20e5b1e7
  EXFont: 2e1c6fe726d008a039db80df95f48b4921b7fe59
  EXImageLoader: 939451be6f7b731aaa6588920b90743f20121a4d
  EXImageManipulator: 49bbcede2429523edfd95dc242cf7f8fdf271307
  EXImagePicker: bf704ef8e9171b05696a24114b44c6629565b45d
  EXJSONUtils: f515cf71710855d7ba5bfc6752af3b9a6f6aad01
  EXKeepAwake: 8aa32396a5972d26e75e538603aad0f032396503
  EXLinearGradient: 4d727eacb53d19ef25b02dd810e0199b453489ce
  EXLocation: 192eaee761c159d1479111a0ced3bab7ad8475a3
  EXManifests: 50e42e01335df4e54109dee7be5a91bfd37347db
  EXPermissions: 7696f4c16e89981f84c04d96327f7e1e592373c0
  Expo: 5316c3ecdc34eb0cad340d01dc8beec97c7e879e
  ExpoModulesCore: a9a9bf32b2da35cd9b7299c80790c03a91ac7d15
  EXSensors: 7aff000712e1205de852515f8aa4c5125d870e12
  EXSharing: 9c58d207a43c2661b2f5b78a644d9c7642f19de9
  EXSplashScreen: 57f329dbf25c5c12800feed79068a056453dc772
  EXStructuredHeaders: 873e7f329c2f6279c1b1e0229df59c9861560b53
  EXTaskManager: aed009298d23513f71a82b798f6d9181b59e5804
  EXUpdates: 061b67c33f0e7f8fd335bbb48697c4a4fc8a5157
  EXUpdatesInterface: e1c01b4f5ec76bd1d6cc714938f9edf5ef6379b9
  FacebookSDK: 4b9bb8e2824898b47f18c666dc145c09b40609e6
  FBLazyVector: c71c5917ec0ad2de41d5d06a5855f6d5eda06971
  FBReactNativeSpec: 19b686fc4b6f659ce7ab971a51b8083690e8c474
  FBSDKCoreKit: dace5abafc2fd9272733e6d027bcf18102712117
  glog: 73c2498ac6884b13ede40eda8228cb1eee9d9d62
  Google-Maps-iOS-Utils: c32891ff472eaaa1fca032beedafa1a013af7875
  GoogleMaps: 32ca02de09de357a10ac773f2c70f1986751392d
  Permission-AppTrackingTransparency: 4bb348de427672bb61785e7fb1a28232e0680870
  Permission-BluetoothPeripheral: e3bdcbf170bd1760881633941d4021b3d8e77f5a
  Permission-Calendars: dd6728a4daa0afef236c25bfc29d920db3096340
  Permission-Camera: 0db4fd6e1c556c1cf47f38b989a8084cea3ec3dd
  Permission-Contacts: c9c3306280576546619fc9ae7489012ed9fe091f
  Permission-FaceID: 34794093f5de6410b373f9245b29632630beab6e
  Permission-LocationAccuracy: f2fa6140c0362473a061b771dd1b702db581138c
  Permission-LocationAlways: f1e021c3b348946cd7c5760172925b749e5d07a6
  Permission-LocationWhenInUse: d98db702ec75e93a3ff94bc297d0b66ea04231e1
  Permission-MediaLibrary: eb4dc997f8d3f81f28940f997651cd1a2bf16149
  Permission-Microphone: 7b75718196244a6e59dd60f82f12962562c2ea12
  Permission-Motion: c2ebd76cc9c7f363e844b1a2df23bde2d08560e3
  Permission-Notifications: e247d69c22ae72770d1c5314ad6ccd1256c57c83
  Permission-PhotoLibrary: 9dcf80d1353d81b9f1e210c34291591236aaf2b6
  Permission-PhotoLibraryAddOnly: 3d359683511129433080279c409b29e792d69c71
  Permission-Reminders: d44880a66ac725c750ebed196e9e2ddec9b0a70e
  Permission-Siri: 8e13e75ffd197d7027ce22b8727d129cb1e6c6ad
  Permission-SpeechRecognition: de418c02c92924d9aa25dd0d690dcea1a8d24812
  Permission-StoreKit: 6642330f0c003789f76f639ae024cdf5ec6a5732
  RCT-Folly: ec7a233ccc97cc556cf7237f0db1ff65b986f27c
  RCTRequired: d34bf57e17cb6e3b2681f4809b13843c021feb6c
  RCTTypeSafety: 8dab4933124ed39bb0c1d88d74d61b1eb950f28f
  React: ef700aeb19afabff83a9cc5799ac955a9c6b5e0f
  React-callinvoker: 5547633d44f3e114b17c03c660ccb5faefd9ed2d
  React-Core: 3858d60185d71567962468bf176d582e36e4e25b
  React-CoreModules: 29b3397adac0c04915cf93089328664868510717
  React-cxxreact: 7e6cc1f4cdfcd40e483dd228fa8a3d3e0ed16f4a
  React-jsi: a8b09c29521c798f1783348b37b511ba7b3dbeb3
  React-jsiexecutor: df6abc9fafbecb8e5b7a5fbc5e6d4bd017d594d5
  React-jsinspector: 34e23860273a23695342f58eed3ffd3ba10c31e0
  react-native-google-maps: 915cea64470a6e7581b782d8659bf8a7e2dee302
  react-native-keep-awake: e63964d58c890de02bfb6519dedb7d90b5c782de
  react-native-maps: 60a75aa547d576fdb91be1f95113665215b59461
  react-native-safe-area-context: 584dc04881deb49474363f3be89e4ca0e854c057
  react-native-shake: 67d43d6af4abfc299400b17fea7d2ec0754c72ac
  react-native-view-shot: 4475fde003fe8a210053d1f98fb9e06c1d834e1c
  react-native-webview: e89bf2dba26a04cda967814df3ed1be99f291233
  React-perflogger: cc76a4254d19640f1d8ad1c66fdee800414b805c
  React-RCTActionSheet: 7448f049318d8d7e8a9a1ebb742ada721757eea8
  React-RCTAnimation: fb9b3fa1a4a9f5e6ab01b3368693ce69860ba76a
  React-RCTBlob: a2e7056601c599c19884992f08ebacae810426f9
  React-RCTImage: 5a46c12327d0d6f6844a1fe38baa92a1e02847e8
  React-RCTLinking: 63dd8305591e1def35267557ed42918aec9eb30b
  React-RCTNetwork: d0516e39a5f736b2bff671c3e03804200161dcd3
  React-RCTSettings: a09566b14f1649f6c8a39ad1a174bb5c0631bb09
  React-RCTText: 04a2f0a281f715f0aed4f515717fafd64510e2c8
  React-RCTVibration: c7f845861e79eae13dc1e8217a3cf47a3945b504
  React-runtimeexecutor: 493d9abb8b23c3f84e19ae221eeba92cadcb70dc
  ReactCommon: 8fea6422328e2fc093e25c9fac67adbcf0f04fb4
  RNAppleHealthKit: 60a6beefdd89a75811e9a8873a5e24f351dee681
  RNCAsyncStorage: ea6b5c280997b2b32a587793163b1f10e580c4f7
  RNCMaskedView: 5a8ec07677aa885546a0d98da336457e2bea557f
  RNCPicker: cb57c823d5ce8d2d0b5dfb45ad97b737260dc59e
  RNGestureHandler: a479ebd5ed4221a810967000735517df0d2db211
  RNPermissions: 4b54095940aea8c03fa3e6c92d4ac3647b31ed4e
  RNReanimated: 024eff8202342abf4b24e11575a16afc441dabfe
  RNScreens: 6e1ea5787989f92b0671049b808aef64fa1ef98c
  RNSVG: 551acb6562324b1d52a4e0758f7ca0ec234e278f
  RNWalkCounter: c39fffa98dee72a6abc00ffcd3ef5180209a1fb9
  UMAppLoader: 671576daa3fd3017d4879a5f23fc0dd3b36422a8
  UMTaskManagerInterface: 5654c50e68af11b19b9d05452bacf23d19b3f30f
  Yoga: e6ecf3fa25af9d4c87e94ad7d5d292eedef49749

PODFILE CHECKSUM: 2f835d31244bee45c400298b5b4faaca3a495f05

COCOAPODS: 1.11.2
